
Microsoft Visual Studio Solution File, Format Version 12.00
# Visual Studio 15
VisualStudioVersion = 15.0.27703.2026
MinimumVisualStudioVersion = 10.0.40219.1
Project("{FAE04EC0-301F-11D3-BF4B-00C04F79EFBC}") = "blg-test", "blg-test\blg-test.csproj", "{1D7EE6DB-2E72-4565-90B6-EFBEE112BF55}"
EndProject
Global
	GlobalSection(SolutionConfigurationPlatforms) = preSolution
		Debug|Any CPU = Debug|Any CPU
		Release|Any CPU = Release|Any CPU
	EndGlobalSection
	GlobalSection(ProjectConfigurationPlatforms) = postSolution
		{1D7EE6DB-2E72-4565-90B6-EFBEE112BF55}.Debug|Any CPU.ActiveCfg = Debug|Any CPU
		{1D7EE6DB-2E72-4565-90B6-EFBEE112BF55}.Debug|Any CPU.Build.0 = Debug|Any CPU
		{1D7EE6DB-2E72-4565-90B6-EFBEE112BF55}.Release|Any CPU.ActiveCfg = Release|Any CPU
		{1D7EE6DB-2E72-4565-90B6-EFBEE112BF55}.Release|Any CPU.Build.0 = Release|Any CPU
	EndGlobalSection
	GlobalSection(SolutionProperties) = preSolution
		HideSolutionNode = FALSE
	EndGlobalSection
	GlobalSection(ExtensibilityGlobals) = postSolution
		SolutionGuid = {91781577-C013-4DF8-8307-2C8F3F9CB827}
	EndGlobalSection
EndGlobal
